
Microsoft Visual Studio Solution File, Format Version 12.00
# Visual Studio Version 17
VisualStudioVersion = 17.11.34909.67
MinimumVisualStudioVersion = 10.0.40219.1
Project("{9A19103F-16F7-4668-BE54-9A1E7A4F7556}") = "Blog.Core", "src\Blog.Core\Blog.Core.csproj", "{C540085F-1C02-4F7D-AE65-448392255984}"
EndProject
Project("{2150E333-8FDC-42A3-9474-1A3956D46DE8}") = "src", "src", "{8552D375-894C-42A5-8271-2D3B70A629CB}"
	ProjectSection(SolutionItems) = preProject
		docker-compose.yml = docker-compose.yml
	EndProjectSection
EndProject
Project("{9A19103F-16F7-4668-BE54-9A1E7A4F7556}") = "Blog.Infrastructure", "src\Blog.Infrastructure\Blog.Infrastructure.csproj", "{C209DD1F-4D89-42FA-969F-8FD4A214ADFB}"
EndProject
Project("{9A19103F-16F7-4668-BE54-9A1E7A4F7556}") = "Blog.Application", "src\Blog.Application\Blog.Application.csproj", "{FE2B2CDD-46A8-4F8B-AD11-8DB7A4D7D28C}"
EndProject
Project("{9A19103F-16F7-4668-BE54-9A1E7A4F7556}") = "Blog.WebAPI", "src\Blog.WebAPI\Blog.WebAPI.csproj", "{C32EC1C2-88FC-4328-9E6C-C39600E077CD}"
EndProject
Global
	GlobalSection(SolutionConfigurationPlatforms) = preSolution
		Debug|Any CPU = Debug|Any CPU
		Release|Any CPU = Release|Any CPU
	EndGlobalSection
	GlobalSection(ProjectConfigurationPlatforms) = postSolution
		{C540085F-1C02-4F7D-AE65-448392255984}.Debug|Any CPU.ActiveCfg = Debug|Any CPU
		{C540085F-1C02-4F7D-AE65-448392255984}.Debug|Any CPU.Build.0 = Debug|Any CPU
		{C540085F-1C02-4F7D-AE65-448392255984}.Release|Any CPU.ActiveCfg = Release|Any CPU
		{C540085F-1C02-4F7D-AE65-448392255984}.Release|Any CPU.Build.0 = Release|Any CPU
		{C209DD1F-4D89-42FA-969F-8FD4A214ADFB}.Debug|Any CPU.ActiveCfg = Debug|Any CPU
		{C209DD1F-4D89-42FA-969F-8FD4A214ADFB}.Debug|Any CPU.Build.0 = Debug|Any CPU
		{C209DD1F-4D89-42FA-969F-8FD4A214ADFB}.Release|Any CPU.ActiveCfg = Release|Any CPU
		{C209DD1F-4D89-42FA-969F-8FD4A214ADFB}.Release|Any CPU.Build.0 = Release|Any CPU
		{FE2B2CDD-46A8-4F8B-AD11-8DB7A4D7D28C}.Debug|Any CPU.ActiveCfg = Debug|Any CPU
		{FE2B2CDD-46A8-4F8B-AD11-8DB7A4D7D28C}.Debug|Any CPU.Build.0 = Debug|Any CPU
		{FE2B2CDD-46A8-4F8B-AD11-8DB7A4D7D28C}.Release|Any CPU.ActiveCfg = Release|Any CPU
		{FE2B2CDD-46A8-4F8B-AD11-8DB7A4D7D28C}.Release|Any CPU.Build.0 = Release|Any CPU
		{C32EC1C2-88FC-4328-9E6C-C39600E077CD}.Debug|Any CPU.ActiveCfg = Debug|Any CPU
		{C32EC1C2-88FC-4328-9E6C-C39600E077CD}.Debug|Any CPU.Build.0 = Debug|Any CPU
		{C32EC1C2-88FC-4328-9E6C-C39600E077CD}.Release|Any CPU.ActiveCfg = Release|Any CPU
		{C32EC1C2-88FC-4328-9E6C-C39600E077CD}.Release|Any CPU.Build.0 = Release|Any CPU
	EndGlobalSection
	GlobalSection(SolutionProperties) = preSolution
		HideSolutionNode = FALSE
	EndGlobalSection
	GlobalSection(NestedProjects) = preSolution
		{C540085F-1C02-4F7D-AE65-448392255984} = {8552D375-894C-42A5-8271-2D3B70A629CB}
		{C209DD1F-4D89-42FA-969F-8FD4A214ADFB} = {8552D375-894C-42A5-8271-2D3B70A629CB}
		{FE2B2CDD-46A8-4F8B-AD11-8DB7A4D7D28C} = {8552D375-894C-42A5-8271-2D3B70A629CB}
		{C32EC1C2-88FC-4328-9E6C-C39600E077CD} = {8552D375-894C-42A5-8271-2D3B70A629CB}
	EndGlobalSection
	GlobalSection(ExtensibilityGlobals) = postSolution
		SolutionGuid = {95F99091-A4E2-43C4-9824-72F807267DD5}
	EndGlobalSection
EndGlobal
